{
    "version": 3,
    "terraform_version": "0.11.14",
    "serial": 28,
    "lineage": "a22da683-4e42-e744-9c23-d497b74595bd",
    "modules": [
        {
            "path": [
                "root"
            ],
            "outputs": {},
            "resources": {
                "aws_eip.bastion": {
                    "type": "aws_eip",
                    "depends_on": [],
                    "primary": {
                        "id": "eipalloc-00a489c7e7b232dbf",
                        "attributes": {
                            "association_id": "",
                            "domain": "vpc",
                            "id": "eipalloc-00a489c7e7b232dbf",
                            "instance": "",
                            "network_interface": "",
                            "private_ip": "",
                            "public_dns": "ec2-3-14-119-178.us-east-2.compute.amazonaws.com",
                            "public_ip": "3.14.119.178",
                            "public_ipv4_pool": "amazon",
                            "tags.%": "0",
                            "vpc": "true"
                        },
                        "meta": {
                            "e2bfb730-ecaa-11e6-8f88-34363bc7c4c0": {
                                "delete": 180000000000,
                                "read": 900000000000,
                                "update": 300000000000
                            }
                        },
                        "tainted": false
                    },
                    "deposed": [],
                    "provider": "provider.aws"
                },
                "aws_instance.web": {
                    "type": "aws_instance",
                    "depends_on": [
                        "aws_subnet.PN1"
                    ],
                    "primary": {
                        "id": "i-09144e8e8ec055e64",
                        "attributes": {
                            "ami": "ami-0ebbf2179e615c338",
                            "arn": "arn:aws:ec2:us-east-2:462241596123:instance/i-09144e8e8ec055e64",
                            "associate_public_ip_address": "true",
                            "availability_zone": "us-east-2a",
                            "cpu_core_count": "1",
                            "cpu_threads_per_core": "1",
                            "credit_specification.#": "1",
                            "credit_specification.0.cpu_credits": "standard",
                            "disable_api_termination": "false",
                            "ebs_block_device.#": "0",
                            "ebs_optimized": "false",
                            "ephemeral_block_device.#": "0",
                            "get_password_data": "false",
                            "iam_instance_profile": "",
                            "id": "i-09144e8e8ec055e64",
                            "instance_state": "running",
                            "instance_type": "t2.micro",
                            "ipv6_address_count": "0",
                            "ipv6_addresses.#": "0",
                            "key_name": "liver",
                            "monitoring": "false",
                            "network_interface.#": "0",
                            "password_data": "",
                            "placement_group": "",
                            "primary_network_interface_id": "eni-087c0e9214db17865",
                            "private_dns": "ip-10-0-1-74.us-east-2.compute.internal",
                            "private_ip": "10.0.1.74",
                            "public_dns": "ec2-52-14-98-249.us-east-2.compute.amazonaws.com",
                            "public_ip": "52.14.98.249",
                            "root_block_device.#": "1",
                            "root_block_device.0.delete_on_termination": "true",
                            "root_block_device.0.iops": "100",
                            "root_block_device.0.volume_id": "vol-03cf883a094ac9068",
                            "root_block_device.0.volume_size": "8",
                            "root_block_device.0.volume_type": "gp2",
                            "security_groups.#": "0",
                            "source_dest_check": "true",
                            "subnet_id": "subnet-0a90789b92d382e00",
                            "tags.%": "0",
                            "tenancy": "default",
                            "volume_tags.%": "0",
                            "vpc_security_group_ids.#": "1",
                            "vpc_security_group_ids.3732383434": "sg-0fd73db9691b0fef8"
                        },
                        "meta": {
                            "e2bfb730-ecaa-11e6-8f88-34363bc7c4c0": {
                                "create": 600000000000,
                                "delete": 1200000000000,
                                "update": 600000000000
                            },
                            "schema_version": "1"
                        },
                        "tainted": false
                    },
                    "deposed": [],
                    "provider": "provider.aws"
                },
                "aws_internet_gateway.bastion": {
                    "type": "aws_internet_gateway",
                    "depends_on": [
                        "aws_vpc.bastion"
                    ],
                    "primary": {
                        "id": "igw-0a4ede93b9ec6ad1b",
                        "attributes": {
                            "id": "igw-0a4ede93b9ec6ad1b",
                            "owner_id": "462241596123",
                            "tags.%": "1",
                            "tags.Name": "bastion",
                            "vpc_id": "vpc-0bc2e6dd1f0300117"
                        },
                        "meta": {},
                        "tainted": false
                    },
                    "deposed": [],
                    "provider": "provider.aws"
                },
                "aws_nat_gateway.bastion": {
                    "type": "aws_nat_gateway",
                    "depends_on": [
                        "aws_eip.bastion",
                        "aws_subnet.PN1"
                    ],
                    "primary": {
                        "id": "nat-061ce66569332cdf0",
                        "attributes": {
                            "allocation_id": "eipalloc-00a489c7e7b232dbf",
                            "id": "nat-061ce66569332cdf0",
                            "network_interface_id": "eni-0858c5bfc5a4722bb",
                            "private_ip": "10.0.1.88",
                            "public_ip": "3.14.119.178",
                            "subnet_id": "subnet-0a90789b92d382e00",
                            "tags.%": "1",
                            "tags.Name": "gw NAT"
                        },
                        "meta": {},
                        "tainted": false
                    },
                    "deposed": [],
                    "provider": "provider.aws"
                },
                "aws_route_table.priv": {
                    "type": "aws_route_table",
                    "depends_on": [
                        "aws_nat_gateway.bastion",
                        "aws_vpc.bastion"
                    ],
                    "primary": {
                        "id": "rtb-04cbe24ed6b86459b",
                        "attributes": {
                            "id": "rtb-04cbe24ed6b86459b",
                            "owner_id": "462241596123",
                            "propagating_vgws.#": "0",
                            "route.#": "1",
                            "route.3690847380.cidr_block": "0.0.0.0/0",
                            "route.3690847380.egress_only_gateway_id": "",
                            "route.3690847380.gateway_id": "",
                            "route.3690847380.instance_id": "",
                            "route.3690847380.ipv6_cidr_block": "",
                            "route.3690847380.nat_gateway_id": "nat-061ce66569332cdf0",
                            "route.3690847380.network_interface_id": "",
                            "route.3690847380.transit_gateway_id": "",
                            "route.3690847380.vpc_peering_connection_id": "",
                            "tags.%": "1",
                            "tags.Name": "bastion",
                            "vpc_id": "vpc-0bc2e6dd1f0300117"
                        },
                        "meta": {},
                        "tainted": false
                    },
                    "deposed": [],
                    "provider": "provider.aws"
                },
                "aws_route_table.pub": {
                    "type": "aws_route_table",
                    "depends_on": [
                        "aws_internet_gateway.bastion",
                        "aws_vpc.bastion"
                    ],
                    "primary": {
                        "id": "rtb-0241f09e10d9b492d",
                        "attributes": {
                            "id": "rtb-0241f09e10d9b492d",
                            "owner_id": "462241596123",
                            "propagating_vgws.#": "0",
                            "route.#": "1",
                            "route.1367403707.cidr_block": "0.0.0.0/0",
                            "route.1367403707.egress_only_gateway_id": "",
                            "route.1367403707.gateway_id": "igw-0a4ede93b9ec6ad1b",
                            "route.1367403707.instance_id": "",
                            "route.1367403707.ipv6_cidr_block": "",
                            "route.1367403707.nat_gateway_id": "",
                            "route.1367403707.network_interface_id": "",
                            "route.1367403707.transit_gateway_id": "",
                            "route.1367403707.vpc_peering_connection_id": "",
                            "tags.%": "1",
                            "tags.Name": "bastion_pub",
                            "vpc_id": "vpc-0bc2e6dd1f0300117"
                        },
                        "meta": {},
                        "tainted": false
                    },
                    "deposed": [],
                    "provider": "provider.aws"
                },
                "aws_route_table_association.pub_ass": {
                    "type": "aws_route_table_association",
                    "depends_on": [
                        "aws_route_table.pub",
                        "aws_subnet.PN1"
                    ],
                    "primary": {
                        "id": "rtbassoc-0b8f8d80c83877071",
                        "attributes": {
                            "id": "rtbassoc-0b8f8d80c83877071",
                            "route_table_id": "rtb-0241f09e10d9b492d",
                            "subnet_id": "subnet-0a90789b92d382e00"
                        },
                        "meta": {},
                        "tainted": false
                    },
                    "deposed": [],
                    "provider": "provider.aws"
                },
                "aws_security_group.allow_ssh": {
                    "type": "aws_security_group",
                    "depends_on": [
                        "aws_vpc.bastion"
                    ],
                    "primary": {
                        "id": "sg-007e2d9b52f94867f",
                        "attributes": {
                            "arn": "arn:aws:ec2:us-east-2:462241596123:security-group/sg-007e2d9b52f94867f",
                            "description": "Allow SSH inbound traffic",
                            "egress.#": "0",
                            "id": "sg-007e2d9b52f94867f",
                            "ingress.#": "1",
                            "ingress.2541437006.cidr_blocks.#": "1",
                            "ingress.2541437006.cidr_blocks.0": "0.0.0.0/0",
                            "ingress.2541437006.description": "",
                            "ingress.2541437006.from_port": "22",
                            "ingress.2541437006.ipv6_cidr_blocks.#": "0",
                            "ingress.2541437006.prefix_list_ids.#": "0",
                            "ingress.2541437006.protocol": "tcp",
                            "ingress.2541437006.security_groups.#": "0",
                            "ingress.2541437006.self": "false",
                            "ingress.2541437006.to_port": "22",
                            "name": "allow_ssh",
                            "owner_id": "462241596123",
                            "revoke_rules_on_delete": "false",
                            "tags.%": "1",
                            "tags.Name": "bastion",
                            "vpc_id": "vpc-0bc2e6dd1f0300117"
                        },
                        "meta": {
                            "e2bfb730-ecaa-11e6-8f88-34363bc7c4c0": {
                                "create": 600000000000,
                                "delete": 600000000000
                            },
                            "schema_version": "1"
                        },
                        "tainted": false
                    },
                    "deposed": [],
                    "provider": "provider.aws"
                },
                "aws_subnet.PN1": {
                    "type": "aws_subnet",
                    "depends_on": [
                        "aws_vpc.bastion"
                    ],
                    "primary": {
                        "id": "subnet-0a90789b92d382e00",
                        "attributes": {
                            "arn": "arn:aws:ec2:us-east-2:462241596123:subnet/subnet-0a90789b92d382e00",
                            "assign_ipv6_address_on_creation": "false",
                            "availability_zone": "us-east-2a",
                            "availability_zone_id": "use2-az1",
                            "cidr_block": "10.0.1.0/24",
                            "id": "subnet-0a90789b92d382e00",
                            "ipv6_cidr_block": "",
                            "ipv6_cidr_block_association_id": "",
                            "map_public_ip_on_launch": "true",
                            "owner_id": "462241596123",
                            "tags.%": "1",
                            "tags.Name": "PN1",
                            "vpc_id": "vpc-0bc2e6dd1f0300117"
                        },
                        "meta": {
                            "e2bfb730-ecaa-11e6-8f88-34363bc7c4c0": {
                                "create": 600000000000,
                                "delete": 600000000000
                            },
                            "schema_version": "1"
                        },
                        "tainted": false
                    },
                    "deposed": [],
                    "provider": "provider.aws"
                },
                "aws_subnet.PN2": {
                    "type": "aws_subnet",
                    "depends_on": [
                        "aws_vpc.bastion"
                    ],
                    "primary": {
                        "id": "subnet-0a64e8cf6bb4fb184",
                        "attributes": {
                            "arn": "arn:aws:ec2:us-east-2:462241596123:subnet/subnet-0a64e8cf6bb4fb184",
                            "assign_ipv6_address_on_creation": "false",
                            "availability_zone": "us-east-2b",
                            "availability_zone_id": "use2-az2",
                            "cidr_block": "10.0.2.0/24",
                            "id": "subnet-0a64e8cf6bb4fb184",
                            "ipv6_cidr_block": "",
                            "ipv6_cidr_block_association_id": "",
                            "map_public_ip_on_launch": "false",
                            "owner_id": "462241596123",
                            "tags.%": "1",
                            "tags.Name": "PN2",
                            "vpc_id": "vpc-0bc2e6dd1f0300117"
                        },
                        "meta": {
                            "e2bfb730-ecaa-11e6-8f88-34363bc7c4c0": {
                                "create": 600000000000,
                                "delete": 600000000000
                            },
                            "schema_version": "1"
                        },
                        "tainted": false
                    },
                    "deposed": [],
                    "provider": "provider.aws"
                },
                "aws_subnet.PN3": {
                    "type": "aws_subnet",
                    "depends_on": [
                        "aws_vpc.bastion"
                    ],
                    "primary": {
                        "id": "subnet-0de520e25c027e774",
                        "attributes": {
                            "arn": "arn:aws:ec2:us-east-2:462241596123:subnet/subnet-0de520e25c027e774",
                            "assign_ipv6_address_on_creation": "false",
                            "availability_zone": "us-east-2c",
                            "availability_zone_id": "use2-az3",
                            "cidr_block": "10.0.3.0/24",
                            "id": "subnet-0de520e25c027e774",
                            "ipv6_cidr_block": "",
                            "ipv6_cidr_block_association_id": "",
                            "map_public_ip_on_launch": "false",
                            "owner_id": "462241596123",
                            "tags.%": "1",
                            "tags.Name": "PN3",
                            "vpc_id": "vpc-0bc2e6dd1f0300117"
                        },
                        "meta": {
                            "e2bfb730-ecaa-11e6-8f88-34363bc7c4c0": {
                                "create": 600000000000,
                                "delete": 600000000000
                            },
                            "schema_version": "1"
                        },
                        "tainted": false
                    },
                    "deposed": [],
                    "provider": "provider.aws"
                },
                "aws_vpc.bastion": {
                    "type": "aws_vpc",
                    "depends_on": [],
                    "primary": {
                        "id": "vpc-0bc2e6dd1f0300117",
                        "attributes": {
                            "arn": "arn:aws:ec2:us-east-2:462241596123:vpc/vpc-0bc2e6dd1f0300117",
                            "assign_generated_ipv6_cidr_block": "false",
                            "cidr_block": "10.0.0.0/16",
                            "default_network_acl_id": "acl-0e4de4870e428d62f",
                            "default_route_table_id": "rtb-0a30f8993a32d0725",
                            "default_security_group_id": "sg-0fd73db9691b0fef8",
                            "dhcp_options_id": "dopt-a96a9cc2",
                            "enable_dns_hostnames": "true",
                            "enable_dns_support": "true",
                            "id": "vpc-0bc2e6dd1f0300117",
                            "instance_tenancy": "default",
                            "ipv6_association_id": "",
                            "ipv6_cidr_block": "",
                            "main_route_table_id": "rtb-0a30f8993a32d0725",
                            "owner_id": "462241596123",
                            "tags.%": "1",
                            "tags.Name": "bastion"
                        },
                        "meta": {
                            "schema_version": "1"
                        },
                        "tainted": false
                    },
                    "deposed": [],
                    "provider": "provider.aws"
                }
            },
            "depends_on": []
        }
    ]
}
